
Microsoft Visual Studio Solution File, Format Version 12.00
# Visual Studio Version 16
VisualStudioVersion = 16.6.30114.105
MinimumVisualStudioVersion = 10.0.40219.1
Project("{FAE04EC0-301F-11D3-BF4B-00C04F79EFBC}") = "R5T.T0107.Construction", "R5T.T0107.Construction\R5T.T0107.Construction.csproj", "{590A0311-0973-4FD5-B6B3-306E0D0EB48F}"
EndProject
Project("{FAE04EC0-301F-11D3-BF4B-00C04F79EFBC}") = "R5T.T0107", "R5T.T0107\R5T.T0107.csproj", "{4919F877-9DA1-4BD5-A006-D197A45267D2}"
EndProject
Global
	GlobalSection(SolutionConfigurationPlatforms) = preSolution
		Debug|Any CPU = Debug|Any CPU
		Debug|x64 = Debug|x64
		Debug|x86 = Debug|x86
		Release|Any CPU = Release|Any CPU
		Release|x64 = Release|x64
		Release|x86 = Release|x86
	EndGlobalSection
	GlobalSection(SolutionProperties) = preSolution
		HideSolutionNode = FALSE
	EndGlobalSection
	GlobalSection(ProjectConfigurationPlatforms) = postSolution
		{590A0311-0973-4FD5-B6B3-306E0D0EB48F}.Debug|Any CPU.ActiveCfg = Debug|Any CPU
		{590A0311-0973-4FD5-B6B3-306E0D0EB48F}.Debug|Any CPU.Build.0 = Debug|Any CPU
		{590A0311-0973-4FD5-B6B3-306E0D0EB48F}.Debug|x64.ActiveCfg = Debug|Any CPU
		{590A0311-0973-4FD5-B6B3-306E0D0EB48F}.Debug|x64.Build.0 = Debug|Any CPU
		{590A0311-0973-4FD5-B6B3-306E0D0EB48F}.Debug|x86.ActiveCfg = Debug|Any CPU
		{590A0311-0973-4FD5-B6B3-306E0D0EB48F}.Debug|x86.Build.0 = Debug|Any CPU
		{590A0311-0973-4FD5-B6B3-306E0D0EB48F}.Release|Any CPU.ActiveCfg = Release|Any CPU
		{590A0311-0973-4FD5-B6B3-306E0D0EB48F}.Release|Any CPU.Build.0 = Release|Any CPU
		{590A0311-0973-4FD5-B6B3-306E0D0EB48F}.Release|x64.ActiveCfg = Release|Any CPU
		{590A0311-0973-4FD5-B6B3-306E0D0EB48F}.Release|x64.Build.0 = Release|Any CPU
		{590A0311-0973-4FD5-B6B3-306E0D0EB48F}.Release|x86.ActiveCfg = Release|Any CPU
		{590A0311-0973-4FD5-B6B3-306E0D0EB48F}.Release|x86.Build.0 = Release|Any CPU
		{4919F877-9DA1-4BD5-A006-D197A45267D2}.Debug|Any CPU.ActiveCfg = Debug|Any CPU
		{4919F877-9DA1-4BD5-A006-D197A45267D2}.Debug|Any CPU.Build.0 = Debug|Any CPU
		{4919F877-9DA1-4BD5-A006-D197A45267D2}.Debug|x64.ActiveCfg = Debug|Any CPU
		{4919F877-9DA1-4BD5-A006-D197A45267D2}.Debug|x64.Build.0 = Debug|Any CPU
		{4919F877-9DA1-4BD5-A006-D197A45267D2}.Debug|x86.ActiveCfg = Debug|Any CPU
		{4919F877-9DA1-4BD5-A006-D197A45267D2}.Debug|x86.Build.0 = Debug|Any CPU
		{4919F877-9DA1-4BD5-A006-D197A45267D2}.Release|Any CPU.ActiveCfg = Release|Any CPU
		{4919F877-9DA1-4BD5-A006-D197A45267D2}.Release|Any CPU.Build.0 = Release|Any CPU
		{4919F877-9DA1-4BD5-A006-D197A45267D2}.Release|x64.ActiveCfg = Release|Any CPU
		{4919F877-9DA1-4BD5-A006-D197A45267D2}.Release|x64.Build.0 = Release|Any CPU
		{4919F877-9DA1-4BD5-A006-D197A45267D2}.Release|x86.ActiveCfg = Release|Any CPU
		{4919F877-9DA1-4BD5-A006-D197A45267D2}.Release|x86.Build.0 = Release|Any CPU
	EndGlobalSection
EndGlobal
